github.com/bep/gitjoin.com v0.0.0-20260508100708-1d3f756ab462 h1:Yijymz9kFepklne2onYu/5QyxyrcsEkzsi1/VJLVLSg=
github.com/bep/gitjoin.com v0.0.0-20260508100708-1d3f756ab462/go.mod h1:K27ZenzDih5VjnvhdlOhHFe2d90T3Mh4vbGW1P4RqU4=
github.com/bep/gitjoin.com v0.0.0-20260508110129-e8ea0669e7b2 h1:R/tbNy1cR6UkLWARd1wVIRWJmNzZDoDvVkFj5/pxjF8=
github.com/bep/gitjoin.com v0.0.0-20260508110129-e8ea0669e7b2/go.mod h1:/Yt5UNSPSjTmK9OlcGyzJL5grJu3ov+C8OE2uu/b1Zk=
github.com/bep/gitjoin.com v0.0.0-20260508181641-73d057ba27ce h1:pJwlDxObDs+szvcJLj379+R5ZOxMmJ6zYFCmoCcz8Dk=
github.com/bep/gitjoin.com v0.0.0-20260508181641-73d057ba27ce/go.mod h1:/Yt5UNSPSjTmK9OlcGyzJL5grJu3ov+C8OE2uu/b1Zk=
github.com/bep/gitjoin.com v0.0.0-20260513091421-ed00427e2d79 h1:TvmbHUsTCTjDKWdyIlUIfuMbYUpCXkDaXKYkgGcL8c4=
github.com/bep/gitjoin.com v0.0.0-20260513091421-ed00427e2d79/go.mod h1:/Yt5UNSPSjTmK9OlcGyzJL5grJu3ov+C8OE2uu/b1Zk=
